
Microsoft Visual Studio Solution File, Format Version 12.00
# Visual Studio Version 17
VisualStudioVersion = 17.11.35222.181
MinimumVisualStudioVersion = 10.0.40219.1
Project("{FAE04EC0-301F-11D3-BF4B-00C04F79EFBC}") = "CPU-Process", "CPU-Process.csproj", "{C7C8005C-CF08-4606-90F3-B67A289A12EB}"
EndProject
Global
	GlobalSection(SolutionConfigurationPlatforms) = preSolution
		Debug|Any CPU = Debug|Any CPU
		Release|Any CPU = Release|Any CPU
	EndGlobalSection
	GlobalSection(ProjectConfigurationPlatforms) = postSolution
		{C7C8005C-CF08-4606-90F3-B67A289A12EB}.Debug|Any CPU.ActiveCfg = Debug|Any CPU
		{C7C8005C-CF08-4606-90F3-B67A289A12EB}.Debug|Any CPU.Build.0 = Debug|Any CPU
		{C7C8005C-CF08-4606-90F3-B67A289A12EB}.Release|Any CPU.ActiveCfg = Release|Any CPU
		{C7C8005C-CF08-4606-90F3-B67A289A12EB}.Release|Any CPU.Build.0 = Release|Any CPU
	EndGlobalSection
	GlobalSection(SolutionProperties) = preSolution
		HideSolutionNode = FALSE
	EndGlobalSection
	GlobalSection(ExtensibilityGlobals) = postSolution
		SolutionGuid = {9D9985BA-BF70-45C3-89A1-5B8BC34B6355}
	EndGlobalSection
EndGlobal
